// !$*UTF8*$!
{
	archiveVersion = 1;
	classes = {
	};
	objectVersion = 51;
	objects = {

/* Begin PBXBuildFile section */
		18A3D3F4237A9C9000837963 /* article.swift in Sources */ = {isa = PBXBuildFile; fileRef = 18A3D3F3237A9C9000837963 /* article.swift */; };
		18A3D3F6237A9EC400837963 /* img in Resources */ = {isa = PBXBuildFile; fileRef = 18A3D3F5237A9EC400837963 /* img */; };
		18A3D3F8237AA46C00837963 /* IndexTableViewController.swift in Sources */ = {isa = PBXBuildFile; fileRef = 18A3D3F7237AA46C00837963 /* IndexTableViewController.swift */; };
		18A3D3FA237AADA000837963 /* IndexTableViewCell.swift in Sources */ = {isa = PBXBuildFile; fileRef = 18A3D3F9237AADA000837963 /* IndexTableViewCell.swift */; };
		26632161F5DB9FAA07EFF046 /* Pods_wonderland.framework in Frameworks */ = {isa = PBXBuildFile; fileRef = 7173BE342513DB321DFBD71D /* Pods_wonderland.framework */; };
		882854302371512600AD934A /* AppDelegate.swift in Sources */ = {isa = PBXBuildFile; fileRef = 8828542F2371512600AD934A /* AppDelegate.swift */; };
		882854322371512600AD934A /* ViewController.swift in Sources */ = {isa = PBXBuildFile; fileRef = 882854312371512600AD934A /* ViewController.swift */; };
		882854352371512600AD934A /* Main.storyboard in Resources */ = {isa = PBXBuildFile; fileRef = 882854332371512600AD934A /* Main.storyboard */; };
		882854372371512E00AD934A /* Assets.xcassets in Resources */ = {isa = PBXBuildFile; fileRef = 882854362371512E00AD934A /* Assets.xcassets */; };
		8828543A2371512E00AD934A /* LaunchScreen.storyboard in Resources */ = {isa = PBXBuildFile; fileRef = 882854382371512E00AD934A /* LaunchScreen.storyboard */; };
		882854422371593E00AD934A /* ArchiveVC.swift in Sources */ = {isa = PBXBuildFile; fileRef = 882854412371593E00AD934A /* ArchiveVC.swift */; };
		882854442371599000AD934A /* Tag.swift in Sources */ = {isa = PBXBuildFile; fileRef = 882854432371599000AD934A /* Tag.swift */; };
		882854462371681300AD934A /* MonthCatalog.swift in Sources */ = {isa = PBXBuildFile; fileRef = 882854452371681300AD934A /* MonthCatalog.swift */; };
		8828545223716C4900AD934A /* DateArchiveVC.swift in Sources */ = {isa = PBXBuildFile; fileRef = 8828545123716C4900AD934A /* DateArchiveVC.swift */; };
/* End PBXBuildFile section */

/* Begin PBXFileReference section */
		17EA959D273CE288D0A34015 /* Pods-wonderland.debug.xcconfig */ = {isa = PBXFileReference; includeInIndex = 1; lastKnownFileType = text.xcconfig; name = "Pods-wonderland.debug.xcconfig"; path = "Target Support Files/Pods-wonderland/Pods-wonderland.debug.xcconfig"; sourceTree = "<group>"; };
		18A3D3F3237A9C9000837963 /* article.swift */ = {isa = PBXFileReference; lastKnownFileType = sourcecode.swift; path = article.swift; sourceTree = "<group>"; };
		18A3D3F5237A9EC400837963 /* img */ = {isa = PBXFileReference; lastKnownFileType = folder; path = img; sourceTree = "<group>"; };
		18A3D3F7237AA46C00837963 /* IndexTableViewController.swift */ = {isa = PBXFileReference; lastKnownFileType = sourcecode.swift; path = IndexTableViewController.swift; sourceTree = "<group>"; };
		18A3D3F9237AADA000837963 /* IndexTableViewCell.swift */ = {isa = PBXFileReference; lastKnownFileType = sourcecode.swift; path = IndexTableViewCell.swift; sourceTree = "<group>"; };
		7173BE342513DB321DFBD71D /* Pods_wonderland.framework */ = {isa = PBXFileReference; explicitFileType = wrapper.framework; includeInIndex = 0; path = Pods_wonderland.framework; sourceTree = BUILT_PRODUCTS_DIR; };
		8828542C2371512600AD934A /* wonderland.app */ = {isa = PBXFileReference; explicitFileType = wrapper.application; includeInIndex = 0; path = wonderland.app; sourceTree = BUILT_PRODUCTS_DIR; };
		8828542F2371512600AD934A /* AppDelegate.swift */ = {isa = PBXFileReference; lastKnownFileType = sourcecode.swift; path = AppDelegate.swift; sourceTree = "<group>"; };
		882854312371512600AD934A /* ViewController.swift */ = {isa = PBXFileReference; lastKnownFileType = sourcecode.swift; path = ViewController.swift; sourceTree = "<group>"; };
		882854342371512600AD934A /* Base */ = {isa = PBXFileReference; lastKnownFileType = file.storyboard; name = Base; path = Base.lproj/Main.storyboard; sourceTree = "<group>"; };
		882854362371512E00AD934A /* Assets.xcassets */ = {isa = PBXFileReference; lastKnownFileType = folder.assetcatalog; path = Assets.xcassets; sourceTree = "<group>"; };
		882854392371512E00AD934A /* Base */ = {isa = PBXFileReference; lastKnownFileType = file.storyboard; name = Base; path = Base.lproj/LaunchScreen.storyboard; sourceTree = "<group>"; };
		8828543B2371512E00AD934A /* Info.plist */ = {isa = PBXFileReference; lastKnownFileType = text.plist.xml; path = Info.plist; sourceTree = "<group>"; };
		882854412371593E00AD934A /* ArchiveVC.swift */ = {isa = PBXFileReference; lastKnownFileType = sourcecode.swift; path = ArchiveVC.swift; sourceTree = "<group>"; };
		882854432371599000AD934A /* Tag.swift */ = {isa = PBXFileReference; lastKnownFileType = sourcecode.swift; path = Tag.swift; sourceTree = "<group>"; };
		882854452371681300AD934A /* MonthCatalog.swift */ = {isa = PBXFileReference; lastKnownFileType = sourcecode.swift; path = MonthCatalog.swift; sourceTree = "<group>"; };
		8828545123716C4900AD934A /* DateArchiveVC.swift */ = {isa = PBXFileReference; lastKnownFileType = sourcecode.swift; path = DateArchiveVC.swift; sourceTree = "<group>"; };
		E3A259F5B7EFA2F17B7087F8 /* Pods-wonderland.release.xcconfig */ = {isa = PBXFileReference; includeInIndex = 1; lastKnownFileType = text.xcconfig; name = "Pods-wonderland.release.xcconfig"; path = "Target Support Files/Pods-wonderland/Pods-wonderland.release.xcconfig"; sourceTree = "<group>"; };
/* End PBXFileReference section */

/* Begin PBXFrameworksBuildPhase section */
		882854292371512600AD934A /* Frameworks */ = {
			isa = PBXFrameworksBuildPhase;
			buildActionMask = 2147483647;
			files = (
				26632161F5DB9FAA07EFF046 /* Pods_wonderland.framework in Frameworks */,
			);
			runOnlyForDeploymentPostprocessing = 0;
		};
/* End PBXFrameworksBuildPhase section */

/* Begin PBXGroup section */
		7923B97211A6CBAE2E80F13F /* Frameworks */ = {
			isa = PBXGroup;
			children = (
				7173BE342513DB321DFBD71D /* Pods_wonderland.framework */,
			);
			name = Frameworks;
			sourceTree = "<group>";
		};
		882854232371512500AD934A = {
			isa = PBXGroup;
			children = (
				8828542E2371512600AD934A /* wonderland */,
				8828542D2371512600AD934A /* Products */,
				A285DE8DA2F3F685049C473C /* Pods */,
				7923B97211A6CBAE2E80F13F /* Frameworks */,
			);
			sourceTree = "<group>";
		};
		8828542D2371512600AD934A /* Products */ = {
			isa = PBXGroup;
			children = (
				8828542C2371512600AD934A /* wonderland.app */,
			);
			name = Products;
			sourceTree = "<group>";
		};
		8828542E2371512600AD934A /* wonderland */ = {
			isa = PBXGroup;
			children = (
				18A3D3F5237A9EC400837963 /* img */,
				18A3D3F3237A9C9000837963 /* article.swift */,
				8828542F2371512600AD934A /* AppDelegate.swift */,
				882854312371512600AD934A /* ViewController.swift */,
				882854332371512600AD934A /* Main.storyboard */,
				18A3D3F9237AADA000837963 /* IndexTableViewCell.swift */,
				882854452371681300AD934A /* MonthCatalog.swift */,
				882854362371512E00AD934A /* Assets.xcassets */,
				882854382371512E00AD934A /* LaunchScreen.storyboard */,
				8828543B2371512E00AD934A /* Info.plist */,
				882854412371593E00AD934A /* ArchiveVC.swift */,
				882854432371599000AD934A /* Tag.swift */,
				8828545123716C4900AD934A /* DateArchiveVC.swift */,
				18A3D3F7237AA46C00837963 /* IndexTableViewController.swift */,
			);
			path = wonderland;
			sourceTree = "<group>";
		};
		A285DE8DA2F3F685049C473C /* Pods */ = {
			isa = PBXGroup;
			children = (
				17EA959D273CE288D0A34015 /* Pods-wonderland.debug.xcconfig */,
				E3A259F5B7EFA2F17B7087F8 /* Pods-wonderland.release.xcconfig */,
			);
			path = Pods;
			sourceTree = "<group>";
		};
/* End PBXGroup section */

/* Begin PBXNativeTarget section */
		8828542B2371512600AD934A /* wonderland */ = {
			isa = PBXNativeTarget;
			buildConfigurationList = 8828543E2371512E00AD934A /* Build configuration list for PBXNativeTarget "wonderland" */;
			buildPhases = (
				A095A433C8D2C74DA1B6D11B /* [CP] Check Pods Manifest.lock */,
				882854282371512600AD934A /* Sources */,
				882854292371512600AD934A /* Frameworks */,
				8828542A2371512600AD934A /* Resources */,
				BA7F7D3803F2C1AC3583F799 /* [CP] Embed Pods Frameworks */,
			);
			buildRules = (
			);
			dependencies = (
			);
			name = wonderland;
			productName = wonderland;
			productReference = 8828542C2371512600AD934A /* wonderland.app */;
			productType = "com.apple.product-type.application";
		};
/* End PBXNativeTarget section */

/* Begin PBXProject section */
		882854242371512500AD934A /* Project object */ = {
			isa = PBXProject;
			attributes = {
				LastSwiftUpdateCheck = 1030;
				LastUpgradeCheck = 1030;
				ORGANIZATIONNAME = SCUT_wonderland;
				TargetAttributes = {
					8828542B2371512600AD934A = {
						CreatedOnToolsVersion = 10.3;
					};
				};
			};
			buildConfigurationList = 882854272371512500AD934A /* Build configuration list for PBXProject "wonderland" */;
			compatibilityVersion = "Xcode 9.3";
			developmentRegion = en;
			hasScannedForEncodings = 0;
			knownRegions = (
				en,
				Base,
			);
			mainGroup = 882854232371512500AD934A;
			productRefGroup = 8828542D2371512600AD934A /* Products */;
			projectDirPath = "";
			projectRoot = "";
			targets = (
				8828542B2371512600AD934A /* wonderland */,
			);
		};
/* End PBXProject section */

/* Begin PBXResourcesBuildPhase section */
		8828542A2371512600AD934A /* Resources */ = {
			isa = PBXResourcesBuildPhase;
			buildActionMask = 2147483647;
			files = (
				18A3D3F6237A9EC400837963 /* img in Resources */,
				8828543A2371512E00AD934A /* LaunchScreen.storyboard in Resources */,
				882854372371512E00AD934A /* Assets.xcassets in Resources */,
				882854352371512600AD934A /* Main.storyboard in Resources */,
			);
			runOnlyForDeploymentPostprocessing = 0;
		};
/* End PBXResourcesBuildPhase section */

/* Begin PBXShellScriptBuildPhase section */
		A095A433C8D2C74DA1B6D11B /* [CP] Check Pods Manifest.lock */ = {
			isa = PBXShellScriptBuildPhase;
			buildActionMask = 2147483647;
			files = (
			);
			inputFileListPaths = (
			);
			inputPaths = (
				"${PODS_PODFILE_DIR_PATH}/Podfile.lock",
				"${PODS_ROOT}/Manifest.lock",
			);
			name = "[CP] Check Pods Manifest.lock";
			outputFileListPaths = (
			);
			outputPaths = (
				"$(DERIVED_FILE_DIR)/Pods-wonderland-checkManifestLockResult.txt",
			);
			runOnlyForDeploymentPostprocessing = 0;
			shellPath = /bin/sh;
			shellScript = "diff \"${PODS_PODFILE_DIR_PATH}/Podfile.lock\" \"${PODS_ROOT}/Manifest.lock\" > /dev/null\nif [ $? != 0 ] ; then\n    # print error to STDERR\n    echo \"error: The sandbox is not in sync with the Podfile.lock. Run 'pod install' or update your CocoaPods installation.\" >&2\n    exit 1\nfi\n# This output is used by Xcode 'outputs' to avoid re-running this script phase.\necho \"SUCCESS\" > \"${SCRIPT_OUTPUT_FILE_0}\"\n";
			showEnvVarsInLog = 0;
		};
		BA7F7D3803F2C1AC3583F799 /* [CP] Embed Pods Frameworks */ = {
			isa = PBXShellScriptBuildPhase;
			buildActionMask = 2147483647;
			files = (
			);
			inputFileListPaths = (
				"${PODS_ROOT}/Target Support Files/Pods-wonderland/Pods-wonderland-frameworks-${CONFIGURATION}-input-files.xcfilelist",
			);
			name = "[CP] Embed Pods Frameworks";
			outputFileListPaths = (
				"${PODS_ROOT}/Target Support Files/Pods-wonderland/Pods-wonderland-frameworks-${CONFIGURATION}-output-files.xcfilelist",
			);
			runOnlyForDeploymentPostprocessing = 0;
			shellPath = /bin/sh;
			shellScript = "\"${PODS_ROOT}/Target Support Files/Pods-wonderland/Pods-wonderland-frameworks.sh\"\n";
			showEnvVarsInLog = 0;
		};
/* End PBXShellScriptBuildPhase section */

/* Begin PBXSourcesBuildPhase section */
		882854282371512600AD934A /* Sources */ = {
			isa = PBXSourcesBuildPhase;
			buildActionMask = 2147483647;
			files = (
				18A3D3F8237AA46C00837963 /* IndexTableViewController.swift in Sources */,
				882854442371599000AD934A /* Tag.swift in Sources */,
				18A3D3FA237AADA000837963 /* IndexTableViewCell.swift in Sources */,
				18A3D3F4237A9C9000837963 /* article.swift in Sources */,
				882854322371512600AD934A /* ViewController.swift in Sources */,
				882854302371512600AD934A /* AppDelegate.swift in Sources */,
				882854422371593E00AD934A /* ArchiveVC.swift in Sources */,
				882854462371681300AD934A /* MonthCatalog.swift in Sources */,
				8828545223716C4900AD934A /* DateArchiveVC.swift in Sources */,
			);
			runOnlyForDeploymentPostprocessing = 0;
		};
/* End PBXSourcesBuildPhase section */

/* Begin PBXVariantGroup section */
		882854332371512600AD934A /* Main.storyboard */ = {
			isa = PBXVariantGroup;
			children = (
				882854342371512600AD934A /* Base */,
			);
			name = Main.storyboard;
			sourceTree = "<group>";
		};
		882854382371512E00AD934A /* LaunchScreen.storyboard */ = {
			isa = PBXVariantGroup;
			children = (
				882854392371512E00AD934A /* Base */,
			);
			name = LaunchScreen.storyboard;
			sourceTree = "<group>";
		};
/* End PBXVariantGroup section */

/* Begin XCBuildConfiguration section */
		8828543C2371512E00AD934A /* Debug */ = {
			isa = XCBuildConfiguration;
			buildSettings = {
				ALWAYS_SEARCH_USER_PATHS = NO;
				CLANG_ANALYZER_NONNULL = YES;
				CLANG_ANALYZER_NUMBER_OBJECT_CONVERSION = YES_AGGRESSIVE;
				CLANG_CXX_LANGUAGE_STANDARD = "gnu++14";
				CLANG_CXX_LIBRARY = "libc++";
				CLANG_ENABLE_MODULES = YES;
				CLANG_ENABLE_OBJC_ARC = YES;
				CLANG_ENABLE_OBJC_WEAK = YES;
				CLANG_WARN_BLOCK_CAPTURE_AUTORELEASING = YES;
				CLANG_WARN_BOOL_CONVERSION = YES;
				CLANG_WARN_COMMA = YES;
				CLANG_WARN_CONSTANT_CONVERSION = YES;
				CLANG_WARN_DEPRECATED_OBJC_IMPLEMENTATIONS = YES;
				CLANG_WARN_DIRECT_OBJC_ISA_USAGE = YES_ERROR;
				CLANG_WARN_DOCUMENTATION_COMMENTS = YES;
				CLANG_WARN_EMPTY_BODY = YES;
				CLANG_WARN_ENUM_CONVERSION = YES;
				CLANG_WARN_INFINITE_RECURSION = YES;
				CLANG_WARN_INT_CONVERSION = YES;
				CLANG_WARN_NON_LITERAL_NULL_CONVERSION = YES;
				CLANG_WARN_OBJC_IMPLICIT_RETAIN_SELF = YES;
				CLANG_WARN_OBJC_LITERAL_CONVERSION = YES;
				CLANG_WARN_OBJC_ROOT_CLASS = YES_ERROR;
				CLANG_WARN_RANGE_LOOP_ANALYSIS = YES;
				CLANG_WARN_STRICT_PROTOTYPES = YES;
				CLANG_WARN_SUSPICIOUS_MOVE = YES;
				CLANG_WARN_UNGUARDED_AVAILABILITY = YES_AGGRESSIVE;
				CLANG_WARN_UNREACHABLE_CODE = YES;
				CLANG_WARN__DUPLICATE_METHOD_MATCH = YES;
				CODE_SIGN_IDENTITY = "iPhone Developer";
				COPY_PHASE_STRIP = NO;
				DEBUG_INFORMATION_FORMAT = dwarf;
				ENABLE_STRICT_OBJC_MSGSEND = YES;
				ENABLE_TESTABILITY = YES;
				GCC_C_LANGUAGE_STANDARD = gnu11;
				GCC_DYNAMIC_NO_PIC = NO;
				GCC_NO_COMMON_BLOCKS = YES;
				GCC_OPTIMIZATION_LEVEL = 0;
				GCC_PREPROCESSOR_DEFINITIONS = (
					"DEBUG=1",
					"$(inherited)",
				);
				GCC_WARN_64_TO_32_BIT_CONVERSION = YES;
				GCC_WARN_ABOUT_RETURN_TYPE = YES_ERROR;
				GCC_WARN_UNDECLARED_SELECTOR = YES;
				GCC_WARN_UNINITIALIZED_AUTOS = YES_AGGRESSIVE;
				GCC_WARN_UNUSED_FUNCTION = YES;
				GCC_WARN_UNUSED_VARIABLE = YES;
				IPHONEOS_DEPLOYMENT_TARGET = 12.4;
				MTL_ENABLE_DEBUG_INFO = INCLUDE_SOURCE;
				MTL_FAST_MATH = YES;
				ONLY_ACTIVE_ARCH = YES;
				SDKROOT = iphoneos;
				SWIFT_ACTIVE_COMPILATION_CONDITIONS = DEBUG;
				SWIFT_OPTIMIZATION_LEVEL = "-Onone";
			};
			name = Debug;
		};
		8828543D2371512E00AD934A /* Release */ = {
			isa = XCBuildConfiguration;
			buildSettings = {
				ALWAYS_SEARCH_USER_PATHS = NO;
				CLANG_ANALYZER_NONNULL = YES;
				CLANG_ANALYZER_NUMBER_OBJECT_CONVERSION = YES_AGGRESSIVE;
				CLANG_CXX_LANGUAGE_STANDARD = "gnu++14";
				CLANG_CXX_LIBRARY = "libc++";
				CLANG_ENABLE_MODULES = YES;
				CLANG_ENABLE_OBJC_ARC = YES;
				CLANG_ENABLE_OBJC_WEAK = YES;
				CLANG_WARN_BLOCK_CAPTURE_AUTORELEASING = YES;
				CLANG_WARN_BOOL_CONVERSION = YES;
				CLANG_WARN_COMMA = YES;
				CLANG_WARN_CONSTANT_CONVERSION = YES;
				CLANG_WARN_DEPRECATED_OBJC_IMPLEMENTATIONS = YES;
				CLANG_WARN_DIRECT_OBJC_ISA_USAGE = YES_ERROR;
				CLANG_WARN_DOCUMENTATION_COMMENTS = YES;
				CLANG_WARN_EMPTY_BODY = YES;
				CLANG_WARN_ENUM_CONVERSION = YES;
				CLANG_WARN_INFINITE_RECURSION = YES;
				CLANG_WARN_INT_CONVERSION = YES;
				CLANG_WARN_NON_LITERAL_NULL_CONVERSION = YES;
				CLANG_WARN_OBJC_IMPLICIT_RETAIN_SELF = YES;
				CLANG_WARN_OBJC_LITERAL_CONVERSION = YES;
				CLANG_WARN_OBJC_ROOT_CLASS = YES_ERROR;
				CLANG_WARN_RANGE_LOOP_ANALYSIS = YES;
				CLANG_WARN_STRICT_PROTOTYPES = YES;
				CLANG_WARN_SUSPICIOUS_MOVE = YES;
				CLANG_WARN_UNGUARDED_AVAILABILITY = YES_AGGRESSIVE;
				CLANG_WARN_UNREACHABLE_CODE = YES;
				CLANG_WARN__DUPLICATE_METHOD_MATCH = YES;
				CODE_SIGN_IDENTITY = "iPhone Developer";
				COPY_PHASE_STRIP = NO;
				DEBUG_INFORMATION_FORMAT = "dwarf-with-dsym";
				ENABLE_NS_ASSERTIONS = NO;
				ENABLE_STRICT_OBJC_MSGSEND = YES;
				GCC_C_LANGUAGE_STANDARD = gnu11;
				GCC_NO_COMMON_BLOCKS = YES;
				GCC_WARN_64_TO_32_BIT_CONVERSION = YES;
				GCC_WARN_ABOUT_RETURN_TYPE = YES_ERROR;
				GCC_WARN_UNDECLARED_SELECTOR = YES;
				GCC_WARN_UNINITIALIZED_AUTOS = YES_AGGRESSIVE;
				GCC_WARN_UNUSED_FUNCTION = YES;
				GCC_WARN_UNUSED_VARIABLE = YES;
				IPHONEOS_DEPLOYMENT_TARGET = 12.4;
				MTL_ENABLE_DEBUG_INFO = NO;
				MTL_FAST_MATH = YES;
				SDKROOT = iphoneos;
				SWIFT_COMPILATION_MODE = wholemodule;
				SWIFT_OPTIMIZATION_LEVEL = "-O";
				VALIDATE_PRODUCT = YES;
			};
			name = Release;
		};
		8828543F2371512E00AD934A /* Debug */ = {
			isa = XCBuildConfiguration;
			baseConfigurationReference = 17EA959D273CE288D0A34015 /* Pods-wonderland.debug.xcconfig */;
			buildSettings = {
				ASSETCATALOG_COMPILER_APPICON_NAME = AppIcon;
				CODE_SIGN_STYLE = Automatic;
				INFOPLIST_FILE = wonderland/Info.plist;
				LD_RUNPATH_SEARCH_PATHS = (
					"$(inherited)",
					"@executable_path/Frameworks",
				);
				PRODUCT_BUNDLE_IDENTIFIER = "SCUT-wonderland.wonderland";
				PRODUCT_NAME = "$(TARGET_NAME)";
				SWIFT_VERSION = 5.0;
				TARGETED_DEVICE_FAMILY = "1,2";
			};
			name = Debug;
		};
		882854402371512E00AD934A /* Release */ = {
			isa = XCBuildConfiguration;
			baseConfigurationReference = E3A259F5B7EFA2F17B7087F8 /* Pods-wonderland.release.xcconfig */;
			buildSettings = {
				ASSETCATALOG_COMPILER_APPICON_NAME = AppIcon;
				CODE_SIGN_STYLE = Automatic;
				INFOPLIST_FILE = wonderland/Info.plist;
				LD_RUNPATH_SEARCH_PATHS = (
					"$(inherited)",
					"@executable_path/Frameworks",
				);
				PRODUCT_BUNDLE_IDENTIFIER = "SCUT-wonderland.wonderland";
				PRODUCT_NAME = "$(TARGET_NAME)";
				SWIFT_VERSION = 5.0;
				TARGETED_DEVICE_FAMILY = "1,2";
			};
			name = Release;
		};
/* End XCBuildConfiguration section */

/* Begin XCConfigurationList section */
		882854272371512500AD934A /* Build configuration list for PBXProject "wonderland" */ = {
			isa = XCConfigurationList;
			buildConfigurations = (
				8828543C2371512E00AD934A /* Debug */,
				8828543D2371512E00AD934A /* Release */,
			);
			defaultConfigurationIsVisible = 0;
			defaultConfigurationName = Release;
		};
		8828543E2371512E00AD934A /* Build configuration list for PBXNativeTarget "wonderland" */ = {
			isa = XCConfigurationList;
			buildConfigurations = (
				8828543F2371512E00AD934A /* Debug */,
				882854402371512E00AD934A /* Release */,
			);
			defaultConfigurationIsVisible = 0;
			defaultConfigurationName = Release;
		};
/* End XCConfigurationList section */
	};
	rootObject = 882854242371512500AD934A /* Project object */;
}
